
Microsoft Visual Studio Solution File, Format Version 12.00
# Visual Studio 15
VisualStudioVersion = 15.0.28307.421
MinimumVisualStudioVersion = 10.0.40219.1
Project("{8BC9CEB8-8B4A-11D0-8D11-00A0C91BC942}") = "AuthAndFriends", "AuthAndFriends\AuthAndFriends.vcxproj", "{4C365618-2FAB-4A1D-8574-AEBA7CF96907}"
EndProject
Project("{8BC9CEB8-8B4A-11D0-8D11-00A0C91BC942}") = "P2PNAT", "P2PNAT\P2PNAT.vcxproj", "{9868A4F8-8E78-4377-BEA9-E13DA4485AB2}"
EndProject
Project("{8BC9CEB8-8B4A-11D0-8D11-00A0C91BC942}") = "SessionMatchmaking", "SessionMatchmaking\SessionMatchmaking.vcxproj", "{669041A1-B499-4BDD-9A7A-94C9BC9F6E14}"
EndProject
Project("{8BC9CEB8-8B4A-11D0-8D11-00A0C91BC942}") = "Store", "Store\Store.vcxproj", "{323C59E5-555F-4DE4-86F2-D9572C00EC25}"
EndProject
Project("{8BC9CEB8-8B4A-11D0-8D11-00A0C91BC942}") = "PlayerDataStorage", "PlayerDataStorage\PlayerDataStorage.vcxproj", "{84505A35-14BE-4A4D-9029-BF5AD22897DC}"
EndProject
Project("{8BC9CEB8-8B4A-11D0-8D11-00A0C91BC942}") = "Achievements", "Achievements\Achievements.vcxproj", "{DE49D417-147B-4684-9FE1-3B733AF02889}"
EndProject
Project("{8BC9CEB8-8B4A-11D0-8D11-00A0C91BC942}") = "Leaderboard", "Leaderboard\Leaderboard.vcxproj", "{D3DBE872-5BF5-4E32-8F41-53903A4A41D8}"
EndProject
Project("{8BC9CEB8-8B4A-11D0-8D11-00A0C91BC942}") = "Lobbies", "Lobbies\Lobbies.vcxproj", "{FDAC4B9B-57A9-4FDF-B779-BE04A88BF0CB}"
EndProject
Project("{8BC9CEB8-8B4A-11D0-8D11-00A0C91BC942}") = "Mods", "Mods\Mods.vcxproj", "{23EA3FB3-DFE4-4D4B-BD66-6D06533D8719}"
EndProject
Project("{8BC9CEB8-8B4A-11D0-8D11-00A0C91BC942}") = "TitleStorage", "TitleStorage\TitleStorage.vcxproj", "{A895A0FB-3F92-4C2A-9ED7-A2C27DB9028F}"
EndProject
Project("{8BC9CEB8-8B4A-11D0-8D11-00A0C91BC942}") = "Voice", "Voice\Client\Voice.vcxproj", "{62B2385D-FB11-4768-AC67-FEC93481FB03}"
EndProject
Project("{8BC9CEB8-8B4A-11D0-8D11-00A0C91BC942}") = "VoiceServer", "Voice\Server\VoiceServer.vcxproj", "{9DE5622E-0212-43FF-BF9F-BF81CFD6D4D4}"
EndProject
Project("{8BC9CEB8-8B4A-11D0-8D11-00A0C91BC942}") = "AntiCheat", "AntiCheat\Client\AntiCheat.vcxproj", "{60F44F5F-335C-4080-B282-0CB14249BD5B}"
EndProject
Project("{8BC9CEB8-8B4A-11D0-8D11-00A0C91BC942}") = "AntiCheatServer", "AntiCheat\Server\AntiCheatServer.vcxproj", "{66E419CA-A396-4A05-BE97-300BFAE97825}"
EndProject
Global
	GlobalSection(SolutionConfigurationPlatforms) = preSolution
		Debug_DX|x64 = Debug_DX|x64
		Debug_DX|x86 = Debug_DX|x86
		Debug_SDL|x64 = Debug_SDL|x64
		Debug_SDL|x86 = Debug_SDL|x86
		Debug|x64 = Debug|x64
		Debug|x86 = Debug|x86
		Release_DX|x64 = Release_DX|x64
		Release_DX|x86 = Release_DX|x86
		Release_SDL|x64 = Release_SDL|x64
		Release_SDL|x86 = Release_SDL|x86
		Release|x64 = Release|x64
		Release|x86 = Release|x86
		Steam_Debug_DX|x64 = Steam_Debug_DX|x64
		Steam_Debug_DX|x86 = Steam_Debug_DX|x86
		Steam_Debug_SDL|x64 = Steam_Debug_SDL|x64
		Steam_Debug_SDL|x86 = Steam_Debug_SDL|x86
		Steam_Release_DX|x64 = Steam_Release_DX|x64
		Steam_Release_DX|x86 = Steam_Release_DX|x86
		Steam_Release_SDL|x64 = Steam_Release_SDL|x64
		Steam_Release_SDL|x86 = Steam_Release_SDL|x86
	EndGlobalSection
	GlobalSection(ProjectConfigurationPlatforms) = postSolution
		{4C365618-2FAB-4A1D-8574-AEBA7CF96907}.Debug_DX|x64.ActiveCfg = Debug_DX|x64
		{4C365618-2FAB-4A1D-8574-AEBA7CF96907}.Debug_DX|x64.Build.0 = Debug_DX|x64
		{4C365618-2FAB-4A1D-8574-AEBA7CF96907}.Debug_DX|x86.ActiveCfg = Debug_DX|Win32
		{4C365618-2FAB-4A1D-8574-AEBA7CF96907}.Debug_DX|x86.Build.0 = Debug_DX|Win32
		{4C365618-2FAB-4A1D-8574-AEBA7CF96907}.Debug_SDL|x64.ActiveCfg = Debug_SDL|x64
		{4C365618-2FAB-4A1D-8574-AEBA7CF96907}.Debug_SDL|x64.Build.0 = Debug_SDL|x64
		{4C365618-2FAB-4A1D-8574-AEBA7CF96907}.Debug_SDL|x86.ActiveCfg = Debug_SDL|Win32
		{4C365618-2FAB-4A1D-8574-AEBA7CF96907}.Debug_SDL|x86.Build.0 = Debug_SDL|Win32
		{4C365618-2FAB-4A1D-8574-AEBA7CF96907}.Debug|x64.ActiveCfg = Debug_SDL|x64
		{4C365618-2FAB-4A1D-8574-AEBA7CF96907}.Debug|x64.Build.0 = Debug_SDL|x64
		{4C365618-2FAB-4A1D-8574-AEBA7CF96907}.Debug|x86.ActiveCfg = Debug_SDL|Win32
		{4C365618-2FAB-4A1D-8574-AEBA7CF96907}.Debug|x86.Build.0 = Debug_SDL|Win32
		{4C365618-2FAB-4A1D-8574-AEBA7CF96907}.Release_DX|x64.ActiveCfg = Release_DX|x64
		{4C365618-2FAB-4A1D-8574-AEBA7CF96907}.Release_DX|x64.Build.0 = Release_DX|x64
		{4C365618-2FAB-4A1D-8574-AEBA7CF96907}.Release_DX|x86.ActiveCfg = Release_DX|Win32
		{4C365618-2FAB-4A1D-8574-AEBA7CF96907}.Release_DX|x86.Build.0 = Release_DX|Win32
		{4C365618-2FAB-4A1D-8574-AEBA7CF96907}.Release_SDL|x64.ActiveCfg = Release_SDL|x64
		{4C365618-2FAB-4A1D-8574-AEBA7CF96907}.Release_SDL|x64.Build.0 = Release_SDL|x64
		{4C365618-2FAB-4A1D-8574-AEBA7CF96907}.Release_SDL|x86.ActiveCfg = Release_SDL|Win32
		{4C365618-2FAB-4A1D-8574-AEBA7CF96907}.Release_SDL|x86.Build.0 = Release_SDL|Win32
		{4C365618-2FAB-4A1D-8574-AEBA7CF96907}.Release|x64.ActiveCfg = Release_SDL|x64
		{4C365618-2FAB-4A1D-8574-AEBA7CF96907}.Release|x64.Build.0 = Release_SDL|x64
		{4C365618-2FAB-4A1D-8574-AEBA7CF96907}.Release|x86.ActiveCfg = Release_SDL|Win32
		{4C365618-2FAB-4A1D-8574-AEBA7CF96907}.Release|x86.Build.0 = Release_SDL|Win32
		{4C365618-2FAB-4A1D-8574-AEBA7CF96907}.Steam_Debug_DX|x64.ActiveCfg = Steam_Debug_DX|x64
		{4C365618-2FAB-4A1D-8574-AEBA7CF96907}.Steam_Debug_DX|x64.Build.0 = Steam_Debug_DX|x64
		{4C365618-2FAB-4A1D-8574-AEBA7CF96907}.Steam_Debug_DX|x86.ActiveCfg = Steam_Debug_DX|Win32
		{4C365618-2FAB-4A1D-8574-AEBA7CF96907}.Steam_Debug_DX|x86.Build.0 = Steam_Debug_DX|Win32
		{4C365618-2FAB-4A1D-8574-AEBA7CF96907}.Steam_Debug_SDL|x64.ActiveCfg = Steam_Debug_SDL|x64
		{4C365618-2FAB-4A1D-8574-AEBA7CF96907}.Steam_Debug_SDL|x64.Build.0 = Steam_Debug_SDL|x64
		{4C365618-2FAB-4A1D-8574-AEBA7CF96907}.Steam_Debug_SDL|x86.ActiveCfg = Steam_Debug_SDL|Win32
		{4C365618-2FAB-4A1D-8574-AEBA7CF96907}.Steam_Debug_SDL|x86.Build.0 = Steam_Debug_SDL|Win32
		{4C365618-2FAB-4A1D-8574-AEBA7CF96907}.Steam_Release_DX|x64.ActiveCfg = Steam_Release_DX|x64
		{4C365618-2FAB-4A1D-8574-AEBA7CF96907}.Steam_Release_DX|x64.Build.0 = Steam_Release_DX|x64
		{4C365618-2FAB-4A1D-8574-AEBA7CF96907}.Steam_Release_DX|x86.ActiveCfg = Steam_Release_DX|Win32
		{4C365618-2FAB-4A1D-8574-AEBA7CF96907}.Steam_Release_DX|x86.Build.0 = Steam_Release_DX|Win32
		{4C365618-2FAB-4A1D-8574-AEBA7CF96907}.Steam_Release_SDL|x64.ActiveCfg = Steam_Release_SDL|x64
		{4C365618-2FAB-4A1D-8574-AEBA7CF96907}.Steam_Release_SDL|x64.Build.0 = Steam_Release_SDL|x64
		{4C365618-2FAB-4A1D-8574-AEBA7CF96907}.Steam_Release_SDL|x86.ActiveCfg = Steam_Release_SDL|Win32
		{4C365618-2FAB-4A1D-8574-AEBA7CF96907}.Steam_Release_SDL|x86.Build.0 = Steam_Release_SDL|Win32
		{9868A4F8-8E78-4377-BEA9-E13DA4485AB2}.Debug_DX|x64.ActiveCfg = Debug_DX|x64
		{9868A4F8-8E78-4377-BEA9-E13DA4485AB2}.Debug_DX|x64.Build.0 = Debug_DX|x64
		{9868A4F8-8E78-4377-BEA9-E13DA4485AB2}.Debug_DX|x86.ActiveCfg = Debug_DX|Win32
		{9868A4F8-8E78-4377-BEA9-E13DA4485AB2}.Debug_DX|x86.Build.0 = Debug_DX|Win32
		{9868A4F8-8E78-4377-BEA9-E13DA4485AB2}.Debug_SDL|x64.ActiveCfg = Debug_SDL|x64
		{9868A4F8-8E78-4377-BEA9-E13DA4485AB2}.Debug_SDL|x64.Build.0 = Debug_SDL|x64
		{9868A4F8-8E78-4377-BEA9-E13DA4485AB2}.Debug_SDL|x86.ActiveCfg = Debug_SDL|Win32
		{9868A4F8-8E78-4377-BEA9-E13DA4485AB2}.Debug_SDL|x86.Build.0 = Debug_SDL|Win32
		{9868A4F8-8E78-4377-BEA9-E13DA4485AB2}.Debug|x64.ActiveCfg = Debug_SDL|x64
		{9868A4F8-8E78-4377-BEA9-E13DA4485AB2}.Debug|x64.Build.0 = Debug_SDL|x64
		{9868A4F8-8E78-4377-BEA9-E13DA4485AB2}.Debug|x86.ActiveCfg = Debug_SDL|Win32
		{9868A4F8-8E78-4377-BEA9-E13DA4485AB2}.Debug|x86.Build.0 = Debug_SDL|Win32
		{9868A4F8-8E78-4377-BEA9-E13DA4485AB2}.Release_DX|x64.ActiveCfg = Release_DX|x64
		{9868A4F8-8E78-4377-BEA9-E13DA4485AB2}.Release_DX|x64.Build.0 = Release_DX|x64
		{9868A4F8-8E78-4377-BEA9-E13DA4485AB2}.Release_DX|x86.ActiveCfg = Release_DX|Win32
		{9868A4F8-8E78-4377-BEA9-E13DA4485AB2}.Release_DX|x86.Build.0 = Release_DX|Win32
		{9868A4F8-8E78-4377-BEA9-E13DA4485AB2}.Release_SDL|x64.ActiveCfg = Release_SDL|x64
		{9868A4F8-8E78-4377-BEA9-E13DA4485AB2}.Release_SDL|x64.Build.0 = Release_SDL|x64
		{9868A4F8-8E78-4377-BEA9-E13DA4485AB2}.Release_SDL|x86.ActiveCfg = Release_SDL|Win32
		{9868A4F8-8E78-4377-BEA9-E13DA4485AB2}.Release_SDL|x86.Build.0 = Release_SDL|Win32
		{9868A4F8-8E78-4377-BEA9-E13DA4485AB2}.Release|x64.ActiveCfg = Release_SDL|x64
		{9868A4F8-8E78-4377-BEA9-E13DA4485AB2}.Release|x64.Build.0 = Release_SDL|x64
		{9868A4F8-8E78-4377-BEA9-E13DA4485AB2}.Release|x86.ActiveCfg = Release_SDL|Win32
		{9868A4F8-8E78-4377-BEA9-E13DA4485AB2}.Release|x86.Build.0 = Release_SDL|Win32
		{9868A4F8-8E78-4377-BEA9-E13DA4485AB2}.Steam_Debug_DX|x64.ActiveCfg = Debug_DX|x64
		{9868A4F8-8E78-4377-BEA9-E13DA4485AB2}.Steam_Debug_DX|x64.Build.0 = Debug_DX|x64
		{9868A4F8-8E78-4377-BEA9-E13DA4485AB2}.Steam_Debug_DX|x86.ActiveCfg = Debug_DX|Win32
		{9868A4F8-8E78-4377-BEA9-E13DA4485AB2}.Steam_Debug_DX|x86.Build.0 = Debug_DX|Win32
		{9868A4F8-8E78-4377-BEA9-E13DA4485AB2}.Steam_Debug_SDL|x64.ActiveCfg = Debug_SDL|x64
		{9868A4F8-8E78-4377-BEA9-E13DA4485AB2}.Steam_Debug_SDL|x64.Build.0 = Debug_SDL|x64
		{9868A4F8-8E78-4377-BEA9-E13DA4485AB2}.Steam_Debug_SDL|x86.ActiveCfg = Debug_SDL|Win32
		{9868A4F8-8E78-4377-BEA9-E13DA4485AB2}.Steam_Debug_SDL|x86.Build.0 = Debug_SDL|Win32
		{9868A4F8-8E78-4377-BEA9-E13DA4485AB2}.Steam_Release_DX|x64.ActiveCfg = Release_DX|x64
		{9868A4F8-8E78-4377-BEA9-E13DA4485AB2}.Steam_Release_DX|x64.Build.0 = Release_DX|x64
		{9868A4F8-8E78-4377-BEA9-E13DA4485AB2}.Steam_Release_DX|x86.ActiveCfg = Release_DX|Win32
		{9868A4F8-8E78-4377-BEA9-E13DA4485AB2}.Steam_Release_DX|x86.Build.0 = Release_DX|Win32
		{9868A4F8-8E78-4377-BEA9-E13DA4485AB2}.Steam_Release_SDL|x64.ActiveCfg = Release_SDL|x64
		{9868A4F8-8E78-4377-BEA9-E13DA4485AB2}.Steam_Release_SDL|x64.Build.0 = Release_SDL|x64
		{9868A4F8-8E78-4377-BEA9-E13DA4485AB2}.Steam_Release_SDL|x86.ActiveCfg = Release_SDL|Win32
		{9868A4F8-8E78-4377-BEA9-E13DA4485AB2}.Steam_Release_SDL|x86.Build.0 = Release_SDL|Win32
		{669041A1-B499-4BDD-9A7A-94C9BC9F6E14}.Debug_DX|x64.ActiveCfg = Debug_DX|x64
		{669041A1-B499-4BDD-9A7A-94C9BC9F6E14}.Debug_DX|x64.Build.0 = Debug_DX|x64
		{669041A1-B499-4BDD-9A7A-94C9BC9F6E14}.Debug_DX|x86.ActiveCfg = Debug_DX|Win32
		{669041A1-B499-4BDD-9A7A-94C9BC9F6E14}.Debug_DX|x86.Build.0 = Debug_DX|Win32
		{669041A1-B499-4BDD-9A7A-94C9BC9F6E14}.Debug_SDL|x64.ActiveCfg = Debug_SDL|x64
		{669041A1-B499-4BDD-9A7A-94C9BC9F6E14}.Debug_SDL|x64.Build.0 = Debug_SDL|x64
		{669041A1-B499-4BDD-9A7A-94C9BC9F6E14}.Debug_SDL|x86.ActiveCfg = Debug_SDL|Win32
		{669041A1-B499-4BDD-9A7A-94C9BC9F6E14}.Debug_SDL|x86.Build.0 = Debug_SDL|Win32
		{669041A1-B499-4BDD-9A7A-94C9BC9F6E14}.Debug|x64.ActiveCfg = Debug_SDL|x64
		{669041A1-B499-4BDD-9A7A-94C9BC9F6E14}.Debug|x64.Build.0 = Debug_SDL|x64
		{669041A1-B499-4BDD-9A7A-94C9BC9F6E14}.Debug|x86.ActiveCfg = Debug_SDL|Win32
		{669041A1-B499-4BDD-9A7A-94C9BC9F6E14}.Debug|x86.Build.0 = Debug_SDL|Win32
		{669041A1-B499-4BDD-9A7A-94C9BC9F6E14}.Release_DX|x64.ActiveCfg = Release_DX|x64
		{669041A1-B499-4BDD-9A7A-94C9BC9F6E14}.Release_DX|x64.Build.0 = Release_DX|x64
		{669041A1-B499-4BDD-9A7A-94C9BC9F6E14}.Release_DX|x86.ActiveCfg = Release_DX|Win32
		{669041A1-B499-4BDD-9A7A-94C9BC9F6E14}.Release_DX|x86.Build.0 = Release_DX|Win32
		{669041A1-B499-4BDD-9A7A-94C9BC9F6E14}.Release_SDL|x64.ActiveCfg = Release_SDL|x64
		{669041A1-B499-4BDD-9A7A-94C9BC9F6E14}.Release_SDL|x64.Build.0 = Release_SDL|x64
		{669041A1-B499-4BDD-9A7A-94C9BC9F6E14}.Release_SDL|x86.ActiveCfg = Release_SDL|Win32
		{669041A1-B499-4BDD-9A7A-94C9BC9F6E14}.Release_SDL|x86.Build.0 = Release_SDL|Win32
		{669041A1-B499-4BDD-9A7A-94C9BC9F6E14}.Release|x64.ActiveCfg = Release_SDL|x64
		{669041A1-B499-4BDD-9A7A-94C9BC9F6E14}.Release|x64.Build.0 = Release_SDL|x64
		{669041A1-B499-4BDD-9A7A-94C9BC9F6E14}.Release|x86.ActiveCfg = Release_SDL|Win32
		{669041A1-B499-4BDD-9A7A-94C9BC9F6E14}.Release|x86.Build.0 = Release_SDL|Win32
		{669041A1-B499-4BDD-9A7A-94C9BC9F6E14}.Steam_Debug_DX|x64.ActiveCfg = Debug_DX|x64
		{669041A1-B499-4BDD-9A7A-94C9BC9F6E14}.Steam_Debug_DX|x64.Build.0 = Debug_DX|x64
		{669041A1-B499-4BDD-9A7A-94C9BC9F6E14}.Steam_Debug_DX|x86.ActiveCfg = Debug_DX|Win32
		{669041A1-B499-4BDD-9A7A-94C9BC9F6E14}.Steam_Debug_DX|x86.Build.0 = Debug_DX|Win32
		{669041A1-B499-4BDD-9A7A-94C9BC9F6E14}.Steam_Debug_SDL|x64.ActiveCfg = Debug_SDL|x64
		{669041A1-B499-4BDD-9A7A-94C9BC9F6E14}.Steam_Debug_SDL|x64.Build.0 = Debug_SDL|x64
		{669041A1-B499-4BDD-9A7A-94C9BC9F6E14}.Steam_Debug_SDL|x86.ActiveCfg = Debug_SDL|Win32
		{669041A1-B499-4BDD-9A7A-94C9BC9F6E14}.Steam_Debug_SDL|x86.Build.0 = Debug_SDL|Win32
		{669041A1-B499-4BDD-9A7A-94C9BC9F6E14}.Steam_Release_DX|x64.ActiveCfg = Release_DX|x64
		{669041A1-B499-4BDD-9A7A-94C9BC9F6E14}.Steam_Release_DX|x64.Build.0 = Release_DX|x64
		{669041A1-B499-4BDD-9A7A-94C9BC9F6E14}.Steam_Release_DX|x86.ActiveCfg = Release_DX|Win32
		{669041A1-B499-4BDD-9A7A-94C9BC9F6E14}.Steam_Release_DX|x86.Build.0 = Release_DX|Win32
		{669041A1-B499-4BDD-9A7A-94C9BC9F6E14}.Steam_Release_SDL|x64.ActiveCfg = Release_SDL|x64
		{669041A1-B499-4BDD-9A7A-94C9BC9F6E14}.Steam_Release_SDL|x64.Build.0 = Release_SDL|x64
		{669041A1-B499-4BDD-9A7A-94C9BC9F6E14}.Steam_Release_SDL|x86.ActiveCfg = Release_SDL|Win32
		{669041A1-B499-4BDD-9A7A-94C9BC9F6E14}.Steam_Release_SDL|x86.Build.0 = Release_SDL|Win32
		{323C59E5-555F-4DE4-86F2-D9572C00EC25}.Debug_DX|x64.ActiveCfg = Debug_DX|x64
		{323C59E5-555F-4DE4-86F2-D9572C00EC25}.Debug_DX|x64.Build.0 = Debug_DX|x64
		{323C59E5-555F-4DE4-86F2-D9572C00EC25}.Debug_DX|x86.ActiveCfg = Debug_DX|Win32
		{323C59E5-555F-4DE4-86F2-D9572C00EC25}.Debug_DX|x86.Build.0 = Debug_DX|Win32
		{323C59E5-555F-4DE4-86F2-D9572C00EC25}.Debug_SDL|x64.ActiveCfg = Debug_SDL|x64
		{323C59E5-555F-4DE4-86F2-D9572C00EC25}.Debug_SDL|x64.Build.0 = Debug_SDL|x64
		{323C59E5-555F-4DE4-86F2-D9572C00EC25}.Debug_SDL|x86.ActiveCfg = Debug_SDL|Win32
		{323C59E5-555F-4DE4-86F2-D9572C00EC25}.Debug_SDL|x86.Build.0 = Debug_SDL|Win32
		{323C59E5-555F-4DE4-86F2-D9572C00EC25}.Debug|x64.ActiveCfg = Debug_SDL|x64
		{323C59E5-555F-4DE4-86F2-D9572C00EC25}.Debug|x64.Build.0 = Debug_SDL|x64
		{323C59E5-555F-4DE4-86F2-D9572C00EC25}.Debug|x86.ActiveCfg = Debug_SDL|Win32
		{323C59E5-555F-4DE4-86F2-D9572C00EC25}.Debug|x86.Build.0 = Debug_SDL|Win32
		{323C59E5-555F-4DE4-86F2-D9572C00EC25}.Release_DX|x64.ActiveCfg = Release_DX|x64
		{323C59E5-555F-4DE4-86F2-D9572C00EC25}.Release_DX|x64.Build.0 = Release_DX|x64
		{323C59E5-555F-4DE4-86F2-D9572C00EC25}.Release_DX|x86.ActiveCfg = Release_DX|Win32
		{323C59E5-555F-4DE4-86F2-D9572C00EC25}.Release_DX|x86.Build.0 = Release_DX|Win32
		{323C59E5-555F-4DE4-86F2-D9572C00EC25}.Release_SDL|x64.ActiveCfg = Release_SDL|x64
		{323C59E5-555F-4DE4-86F2-D9572C00EC25}.Release_SDL|x64.Build.0 = Release_SDL|x64
		{323C59E5-555F-4DE4-86F2-D9572C00EC25}.Release_SDL|x86.ActiveCfg = Release_SDL|Win32
		{323C59E5-555F-4DE4-86F2-D9572C00EC25}.Release_SDL|x86.Build.0 = Release_SDL|Win32
		{323C59E5-555F-4DE4-86F2-D9572C00EC25}.Release|x64.ActiveCfg = Release_SDL|x64
		{323C59E5-555F-4DE4-86F2-D9572C00EC25}.Release|x64.Build.0 = Release_SDL|x64
		{323C59E5-555F-4DE4-86F2-D9572C00EC25}.Release|x86.ActiveCfg = Release_SDL|Win32
		{323C59E5-555F-4DE4-86F2-D9572C00EC25}.Release|x86.Build.0 = Release_SDL|Win32
		{323C59E5-555F-4DE4-86F2-D9572C00EC25}.Steam_Debug_DX|x64.ActiveCfg = Debug_DX|x64
		{323C59E5-555F-4DE4-86F2-D9572C00EC25}.Steam_Debug_DX|x64.Build.0 = Debug_DX|x64
		{323C59E5-555F-4DE4-86F2-D9572C00EC25}.Steam_Debug_DX|x86.ActiveCfg = Debug_DX|Win32
		{323C59E5-555F-4DE4-86F2-D9572C00EC25}.Steam_Debug_DX|x86.Build.0 = Debug_DX|Win32
		{323C59E5-555F-4DE4-86F2-D9572C00EC25}.Steam_Debug_SDL|x64.ActiveCfg = Debug_SDL|x64
		{323C59E5-555F-4DE4-86F2-D9572C00EC25}.Steam_Debug_SDL|x64.Build.0 = Debug_SDL|x64
		{323C59E5-555F-4DE4-86F2-D9572C00EC25}.Steam_Debug_SDL|x86.ActiveCfg = Debug_SDL|Win32
		{323C59E5-555F-4DE4-86F2-D9572C00EC25}.Steam_Debug_SDL|x86.Build.0 = Debug_SDL|Win32
		{323C59E5-555F-4DE4-86F2-D9572C00EC25}.Steam_Release_DX|x64.ActiveCfg = Release_DX|x64
		{323C59E5-555F-4DE4-86F2-D9572C00EC25}.Steam_Release_DX|x64.Build.0 = Release_DX|x64
		{323C59E5-555F-4DE4-86F2-D9572C00EC25}.Steam_Release_DX|x86.ActiveCfg = Release_DX|Win32
		{323C59E5-555F-4DE4-86F2-D9572C00EC25}.Steam_Release_DX|x86.Build.0 = Release_DX|Win32
		{323C59E5-555F-4DE4-86F2-D9572C00EC25}.Steam_Release_SDL|x64.ActiveCfg = Release_SDL|x64
		{323C59E5-555F-4DE4-86F2-D9572C00EC25}.Steam_Release_SDL|x64.Build.0 = Release_SDL|x64
		{323C59E5-555F-4DE4-86F2-D9572C00EC25}.Steam_Release_SDL|x86.ActiveCfg = Release_SDL|Win32
		{323C59E5-555F-4DE4-86F2-D9572C00EC25}.Steam_Release_SDL|x86.Build.0 = Release_SDL|Win32
		{84505A35-14BE-4A4D-9029-BF5AD22897DC}.Debug_DX|x64.ActiveCfg = Debug_DX|x64
		{84505A35-14BE-4A4D-9029-BF5AD22897DC}.Debug_DX|x64.Build.0 = Debug_DX|x64
		{84505A35-14BE-4A4D-9029-BF5AD22897DC}.Debug_DX|x86.ActiveCfg = Debug_DX|Win32
		{84505A35-14BE-4A4D-9029-BF5AD22897DC}.Debug_DX|x86.Build.0 = Debug_DX|Win32
		{84505A35-14BE-4A4D-9029-BF5AD22897DC}.Debug_SDL|x64.ActiveCfg = Debug_SDL|x64
		{84505A35-14BE-4A4D-9029-BF5AD22897DC}.Debug_SDL|x64.Build.0 = Debug_SDL|x64
		{84505A35-14BE-4A4D-9029-BF5AD22897DC}.Debug_SDL|x86.ActiveCfg = Debug_SDL|Win32
		{84505A35-14BE-4A4D-9029-BF5AD22897DC}.Debug_SDL|x86.Build.0 = Debug_SDL|Win32
		{84505A35-14BE-4A4D-9029-BF5AD22897DC}.Debug|x64.ActiveCfg = Debug_SDL|x64
		{84505A35-14BE-4A4D-9029-BF5AD22897DC}.Debug|x64.Build.0 = Debug_SDL|x64
		{84505A35-14BE-4A4D-9029-BF5AD22897DC}.Debug|x86.ActiveCfg = Debug_SDL|Win32
		{84505A35-14BE-4A4D-9029-BF5AD22897DC}.Debug|x86.Build.0 = Debug_SDL|Win32
		{84505A35-14BE-4A4D-9029-BF5AD22897DC}.Release_DX|x64.ActiveCfg = Release_DX|x64
		{84505A35-14BE-4A4D-9029-BF5AD22897DC}.Release_DX|x64.Build.0 = Release_DX|x64
		{84505A35-14BE-4A4D-9029-BF5AD22897DC}.Release_DX|x86.ActiveCfg = Release_DX|Win32
		{84505A35-14BE-4A4D-9029-BF5AD22897DC}.Release_DX|x86.Build.0 = Release_DX|Win32
		{84505A35-14BE-4A4D-9029-BF5AD22897DC}.Release_SDL|x64.ActiveCfg = Release_SDL|x64
		{84505A35-14BE-4A4D-9029-BF5AD22897DC}.Release_SDL|x64.Build.0 = Release_SDL|x64
		{84505A35-14BE-4A4D-9029-BF5AD22897DC}.Release_SDL|x86.ActiveCfg = Release_SDL|Win32
		{84505A35-14BE-4A4D-9029-BF5AD22897DC}.Release_SDL|x86.Build.0 = Release_SDL|Win32
		{84505A35-14BE-4A4D-9029-BF5AD22897DC}.Release|x64.ActiveCfg = Release_SDL|x64
		{84505A35-14BE-4A4D-9029-BF5AD22897DC}.Release|x64.Build.0 = Release_SDL|x64
		{84505A35-14BE-4A4D-9029-BF5AD22897DC}.Release|x86.ActiveCfg = Release_SDL|Win32
		{84505A35-14BE-4A4D-9029-BF5AD22897DC}.Release|x86.Build.0 = Release_SDL|Win32
		{84505A35-14BE-4A4D-9029-BF5AD22897DC}.Steam_Debug_DX|x64.ActiveCfg = Debug_DX|x64
		{84505A35-14BE-4A4D-9029-BF5AD22897DC}.Steam_Debug_DX|x64.Build.0 = Debug_DX|x64
		{84505A35-14BE-4A4D-9029-BF5AD22897DC}.Steam_Debug_DX|x86.ActiveCfg = Debug_DX|Win32
		{84505A35-14BE-4A4D-9029-BF5AD22897DC}.Steam_Debug_DX|x86.Build.0 = Debug_DX|Win32
		{84505A35-14BE-4A4D-9029-BF5AD22897DC}.Steam_Debug_SDL|x64.ActiveCfg = Debug_SDL|x64
		{84505A35-14BE-4A4D-9029-BF5AD22897DC}.Steam_Debug_SDL|x64.Build.0 = Debug_SDL|x64
		{84505A35-14BE-4A4D-9029-BF5AD22897DC}.Steam_Debug_SDL|x86.ActiveCfg = Debug_SDL|Win32
		{84505A35-14BE-4A4D-9029-BF5AD22897DC}.Steam_Debug_SDL|x86.Build.0 = Debug_SDL|Win32
		{84505A35-14BE-4A4D-9029-BF5AD22897DC}.Steam_Release_DX|x64.ActiveCfg = Release_DX|x64
		{84505A35-14BE-4A4D-9029-BF5AD22897DC}.Steam_Release_DX|x64.Build.0 = Release_DX|x64
		{84505A35-14BE-4A4D-9029-BF5AD22897DC}.Steam_Release_DX|x86.ActiveCfg = Release_DX|Win32
		{84505A35-14BE-4A4D-9029-BF5AD22897DC}.Steam_Release_DX|x86.Build.0 = Release_DX|Win32
		{84505A35-14BE-4A4D-9029-BF5AD22897DC}.Steam_Release_SDL|x64.ActiveCfg = Release_SDL|x64
		{84505A35-14BE-4A4D-9029-BF5AD22897DC}.Steam_Release_SDL|x64.Build.0 = Release_SDL|x64
		{84505A35-14BE-4A4D-9029-BF5AD22897DC}.Steam_Release_SDL|x86.ActiveCfg = Release_SDL|Win32
		{84505A35-14BE-4A4D-9029-BF5AD22897DC}.Steam_Release_SDL|x86.Build.0 = Release_SDL|Win32
		{DE49D417-147B-4684-9FE1-3B733AF02889}.Debug_DX|x64.ActiveCfg = Debug_DX|x64
		{DE49D417-147B-4684-9FE1-3B733AF02889}.Debug_DX|x64.Build.0 = Debug_DX|x64
		{DE49D417-147B-4684-9FE1-3B733AF02889}.Debug_DX|x86.ActiveCfg = Debug_DX|Win32
		{DE49D417-147B-4684-9FE1-3B733AF02889}.Debug_DX|x86.Build.0 = Debug_DX|Win32
		{DE49D417-147B-4684-9FE1-3B733AF02889}.Debug_SDL|x64.ActiveCfg = Debug_SDL|x64
		{DE49D417-147B-4684-9FE1-3B733AF02889}.Debug_SDL|x64.Build.0 = Debug_SDL|x64
		{DE49D417-147B-4684-9FE1-3B733AF02889}.Debug_SDL|x86.ActiveCfg = Debug_SDL|Win32
		{DE49D417-147B-4684-9FE1-3B733AF02889}.Debug_SDL|x86.Build.0 = Debug_SDL|Win32
		{DE49D417-147B-4684-9FE1-3B733AF02889}.Debug|x64.ActiveCfg = Debug_SDL|x64
		{DE49D417-147B-4684-9FE1-3B733AF02889}.Debug|x64.Build.0 = Debug_SDL|x64
		{DE49D417-147B-4684-9FE1-3B733AF02889}.Debug|x86.ActiveCfg = Debug_SDL|Win32
		{DE49D417-147B-4684-9FE1-3B733AF02889}.Debug|x86.Build.0 = Debug_SDL|Win32
		{DE49D417-147B-4684-9FE1-3B733AF02889}.Release_DX|x64.ActiveCfg = Release_DX|x64
		{DE49D417-147B-4684-9FE1-3B733AF02889}.Release_DX|x64.Build.0 = Release_DX|x64
		{DE49D417-147B-4684-9FE1-3B733AF02889}.Release_DX|x86.ActiveCfg = Release_DX|Win32
		{DE49D417-147B-4684-9FE1-3B733AF02889}.Release_DX|x86.Build.0 = Release_DX|Win32
		{DE49D417-147B-4684-9FE1-3B733AF02889}.Release_SDL|x64.ActiveCfg = Release_SDL|x64
		{DE49D417-147B-4684-9FE1-3B733AF02889}.Release_SDL|x64.Build.0 = Release_SDL|x64
		{DE49D417-147B-4684-9FE1-3B733AF02889}.Release_SDL|x86.ActiveCfg = Release_SDL|Win32
		{DE49D417-147B-4684-9FE1-3B733AF02889}.Release_SDL|x86.Build.0 = Release_SDL|Win32
		{DE49D417-147B-4684-9FE1-3B733AF02889}.Release|x64.ActiveCfg = Release_SDL|x64
		{DE49D417-147B-4684-9FE1-3B733AF02889}.Release|x64.Build.0 = Release_SDL|x64
		{DE49D417-147B-4684-9FE1-3B733AF02889}.Release|x86.ActiveCfg = Release_SDL|Win32
		{DE49D417-147B-4684-9FE1-3B733AF02889}.Release|x86.Build.0 = Release_SDL|Win32
		{DE49D417-147B-4684-9FE1-3B733AF02889}.Steam_Debug_DX|x64.ActiveCfg = Debug_DX|x64
		{DE49D417-147B-4684-9FE1-3B733AF02889}.Steam_Debug_DX|x64.Build.0 = Debug_DX|x64
		{DE49D417-147B-4684-9FE1-3B733AF02889}.Steam_Debug_DX|x86.ActiveCfg = Debug_DX|Win32
		{DE49D417-147B-4684-9FE1-3B733AF02889}.Steam_Debug_DX|x86.Build.0 = Debug_DX|Win32
		{DE49D417-147B-4684-9FE1-3B733AF02889}.Steam_Debug_SDL|x64.ActiveCfg = Debug_SDL|x64
		{DE49D417-147B-4684-9FE1-3B733AF02889}.Steam_Debug_SDL|x64.Build.0 = Debug_SDL|x64
		{DE49D417-147B-4684-9FE1-3B733AF02889}.Steam_Debug_SDL|x86.ActiveCfg = Debug_SDL|Win32
		{DE49D417-147B-4684-9FE1-3B733AF02889}.Steam_Debug_SDL|x86.Build.0 = Debug_SDL|Win32
		{DE49D417-147B-4684-9FE1-3B733AF02889}.Steam_Release_DX|x64.ActiveCfg = Release_DX|x64
		{DE49D417-147B-4684-9FE1-3B733AF02889}.Steam_Release_DX|x64.Build.0 = Release_DX|x64
		{DE49D417-147B-4684-9FE1-3B733AF02889}.Steam_Release_DX|x86.ActiveCfg = Release_DX|Win32
		{DE49D417-147B-4684-9FE1-3B733AF02889}.Steam_Release_DX|x86.Build.0 = Release_DX|Win32
		{DE49D417-147B-4684-9FE1-3B733AF02889}.Steam_Release_SDL|x64.ActiveCfg = Release_SDL|x64
		{DE49D417-147B-4684-9FE1-3B733AF02889}.Steam_Release_SDL|x64.Build.0 = Release_SDL|x64
		{DE49D417-147B-4684-9FE1-3B733AF02889}.Steam_Release_SDL|x86.ActiveCfg = Release_SDL|Win32
		{DE49D417-147B-4684-9FE1-3B733AF02889}.Steam_Release_SDL|x86.Build.0 = Release_SDL|Win32
		{D3DBE872-5BF5-4E32-8F41-53903A4A41D8}.Debug_DX|x64.ActiveCfg = Debug_DX|x64
		{D3DBE872-5BF5-4E32-8F41-53903A4A41D8}.Debug_DX|x64.Build.0 = Debug_DX|x64
		{D3DBE872-5BF5-4E32-8F41-53903A4A41D8}.Debug_DX|x86.ActiveCfg = Debug_DX|Win32
		{D3DBE872-5BF5-4E32-8F41-53903A4A41D8}.Debug_DX|x86.Build.0 = Debug_DX|Win32
		{D3DBE872-5BF5-4E32-8F41-53903A4A41D8}.Debug_SDL|x64.ActiveCfg = Debug_SDL|x64
		{D3DBE872-5BF5-4E32-8F41-53903A4A41D8}.Debug_SDL|x64.Build.0 = Debug_SDL|x64
		{D3DBE872-5BF5-4E32-8F41-53903A4A41D8}.Debug_SDL|x86.ActiveCfg = Debug_SDL|Win32
		{D3DBE872-5BF5-4E32-8F41-53903A4A41D8}.Debug_SDL|x86.Build.0 = Debug_SDL|Win32
		{D3DBE872-5BF5-4E32-8F41-53903A4A41D8}.Debug|x64.ActiveCfg = Debug_SDL|x64
		{D3DBE872-5BF5-4E32-8F41-53903A4A41D8}.Debug|x64.Build.0 = Debug_SDL|x64
		{D3DBE872-5BF5-4E32-8F41-53903A4A41D8}.Debug|x86.ActiveCfg = Debug_SDL|Win32
		{D3DBE872-5BF5-4E32-8F41-53903A4A41D8}.Debug|x86.Build.0 = Debug_SDL|Win32
		{D3DBE872-5BF5-4E32-8F41-53903A4A41D8}.Release_DX|x64.ActiveCfg = Release_DX|x64
		{D3DBE872-5BF5-4E32-8F41-53903A4A41D8}.Release_DX|x64.Build.0 = Release_DX|x64
		{D3DBE872-5BF5-4E32-8F41-53903A4A41D8}.Release_DX|x86.ActiveCfg = Release_DX|Win32
		{D3DBE872-5BF5-4E32-8F41-53903A4A41D8}.Release_DX|x86.Build.0 = Release_DX|Win32
		{D3DBE872-5BF5-4E32-8F41-53903A4A41D8}.Release_SDL|x64.ActiveCfg = Release_SDL|x64
		{D3DBE872-5BF5-4E32-8F41-53903A4A41D8}.Release_SDL|x64.Build.0 = Release_SDL|x64
		{D3DBE872-5BF5-4E32-8F41-53903A4A41D8}.Release_SDL|x86.ActiveCfg = Release_SDL|Win32
		{D3DBE872-5BF5-4E32-8F41-53903A4A41D8}.Release_SDL|x86.Build.0 = Release_SDL|Win32
		{D3DBE872-5BF5-4E32-8F41-53903A4A41D8}.Release|x64.ActiveCfg = Release_SDL|x64
		{D3DBE872-5BF5-4E32-8F41-53903A4A41D8}.Release|x64.Build.0 = Release_SDL|x64
		{D3DBE872-5BF5-4E32-8F41-53903A4A41D8}.Release|x86.ActiveCfg = Release_SDL|Win32
		{D3DBE872-5BF5-4E32-8F41-53903A4A41D8}.Release|x86.Build.0 = Release_SDL|Win32
		{D3DBE872-5BF5-4E32-8F41-53903A4A41D8}.Steam_Debug_DX|x64.ActiveCfg = Debug_DX|x64
		{D3DBE872-5BF5-4E32-8F41-53903A4A41D8}.Steam_Debug_DX|x64.Build.0 = Debug_DX|x64
		{D3DBE872-5BF5-4E32-8F41-53903A4A41D8}.Steam_Debug_DX|x86.ActiveCfg = Debug_DX|Win32
		{D3DBE872-5BF5-4E32-8F41-53903A4A41D8}.Steam_Debug_DX|x86.Build.0 = Debug_DX|Win32
		{D3DBE872-5BF5-4E32-8F41-53903A4A41D8}.Steam_Debug_SDL|x64.ActiveCfg = Debug_SDL|x64
		{D3DBE872-5BF5-4E32-8F41-53903A4A41D8}.Steam_Debug_SDL|x64.Build.0 = Debug_SDL|x64
		{D3DBE872-5BF5-4E32-8F41-53903A4A41D8}.Steam_Debug_SDL|x86.ActiveCfg = Debug_SDL|Win32
		{D3DBE872-5BF5-4E32-8F41-53903A4A41D8}.Steam_Debug_SDL|x86.Build.0 = Debug_SDL|Win32
		{D3DBE872-5BF5-4E32-8F41-53903A4A41D8}.Steam_Release_DX|x64.ActiveCfg = Release_DX|x64
		{D3DBE872-5BF5-4E32-8F41-53903A4A41D8}.Steam_Release_DX|x64.Build.0 = Release_DX|x64
		{D3DBE872-5BF5-4E32-8F41-53903A4A41D8}.Steam_Release_DX|x86.ActiveCfg = Release_DX|Win32
		{D3DBE872-5BF5-4E32-8F41-53903A4A41D8}.Steam_Release_DX|x86.Build.0 = Release_DX|Win32
		{D3DBE872-5BF5-4E32-8F41-53903A4A41D8}.Steam_Release_SDL|x64.ActiveCfg = Release_SDL|x64
		{D3DBE872-5BF5-4E32-8F41-53903A4A41D8}.Steam_Release_SDL|x64.Build.0 = Release_SDL|x64
		{D3DBE872-5BF5-4E32-8F41-53903A4A41D8}.Steam_Release_SDL|x86.ActiveCfg = Release_SDL|Win32
		{D3DBE872-5BF5-4E32-8F41-53903A4A41D8}.Steam_Release_SDL|x86.Build.0 = Release_SDL|Win32
		{FDAC4B9B-57A9-4FDF-B779-BE04A88BF0CB}.Debug_DX|x64.ActiveCfg = Debug_DX|x64
		{FDAC4B9B-57A9-4FDF-B779-BE04A88BF0CB}.Debug_DX|x64.Build.0 = Debug_DX|x64
		{FDAC4B9B-57A9-4FDF-B779-BE04A88BF0CB}.Debug_DX|x86.ActiveCfg = Debug_DX|Win32
		{FDAC4B9B-57A9-4FDF-B779-BE04A88BF0CB}.Debug_DX|x86.Build.0 = Debug_DX|Win32
		{FDAC4B9B-57A9-4FDF-B779-BE04A88BF0CB}.Debug_SDL|x64.ActiveCfg = Debug_SDL|x64
		{FDAC4B9B-57A9-4FDF-B779-BE04A88BF0CB}.Debug_SDL|x64.Build.0 = Debug_SDL|x64
		{FDAC4B9B-57A9-4FDF-B779-BE04A88BF0CB}.Debug_SDL|x86.ActiveCfg = Debug_SDL|Win32
		{FDAC4B9B-57A9-4FDF-B779-BE04A88BF0CB}.Debug_SDL|x86.Build.0 = Debug_SDL|Win32
		{FDAC4B9B-57A9-4FDF-B779-BE04A88BF0CB}.Debug|x64.ActiveCfg = Debug_SDL|x64
		{FDAC4B9B-57A9-4FDF-B779-BE04A88BF0CB}.Debug|x64.Build.0 = Debug_SDL|x64
		{FDAC4B9B-57A9-4FDF-B779-BE04A88BF0CB}.Debug|x86.ActiveCfg = Debug_SDL|Win32
		{FDAC4B9B-57A9-4FDF-B779-BE04A88BF0CB}.Debug|x86.Build.0 = Debug_SDL|Win32
		{FDAC4B9B-57A9-4FDF-B779-BE04A88BF0CB}.Release_DX|x64.ActiveCfg = Release_DX|x64
		{FDAC4B9B-57A9-4FDF-B779-BE04A88BF0CB}.Release_DX|x64.Build.0 = Release_DX|x64
		{FDAC4B9B-57A9-4FDF-B779-BE04A88BF0CB}.Release_DX|x86.ActiveCfg = Release_DX|Win32
		{FDAC4B9B-57A9-4FDF-B779-BE04A88BF0CB}.Release_DX|x86.Build.0 = Release_DX|Win32
		{FDAC4B9B-57A9-4FDF-B779-BE04A88BF0CB}.Release_SDL|x64.ActiveCfg = Release_SDL|x64
		{FDAC4B9B-57A9-4FDF-B779-BE04A88BF0CB}.Release_SDL|x64.Build.0 = Release_SDL|x64
		{FDAC4B9B-57A9-4FDF-B779-BE04A88BF0CB}.Release_SDL|x86.ActiveCfg = Release_SDL|Win32
		{FDAC4B9B-57A9-4FDF-B779-BE04A88BF0CB}.Release_SDL|x86.Build.0 = Release_SDL|Win32
		{FDAC4B9B-57A9-4FDF-B779-BE04A88BF0CB}.Release|x64.ActiveCfg = Release_SDL|x64
		{FDAC4B9B-57A9-4FDF-B779-BE04A88BF0CB}.Release|x64.Build.0 = Release_SDL|x64
		{FDAC4B9B-57A9-4FDF-B779-BE04A88BF0CB}.Release|x86.ActiveCfg = Release_SDL|Win32
		{FDAC4B9B-57A9-4FDF-B779-BE04A88BF0CB}.Release|x86.Build.0 = Release_SDL|Win32
		{FDAC4B9B-57A9-4FDF-B779-BE04A88BF0CB}.Steam_Debug_DX|x64.ActiveCfg = Debug_DX|x64
		{FDAC4B9B-57A9-4FDF-B779-BE04A88BF0CB}.Steam_Debug_DX|x64.Build.0 = Debug_DX|x64
		{FDAC4B9B-57A9-4FDF-B779-BE04A88BF0CB}.Steam_Debug_DX|x86.ActiveCfg = Debug_DX|Win32
		{FDAC4B9B-57A9-4FDF-B779-BE04A88BF0CB}.Steam_Debug_DX|x86.Build.0 = Debug_DX|Win32
		{FDAC4B9B-57A9-4FDF-B779-BE04A88BF0CB}.Steam_Debug_SDL|x64.ActiveCfg = Debug_SDL|x64
		{FDAC4B9B-57A9-4FDF-B779-BE04A88BF0CB}.Steam_Debug_SDL|x64.Build.0 = Debug_SDL|x64
		{FDAC4B9B-57A9-4FDF-B779-BE04A88BF0CB}.Steam_Debug_SDL|x86.ActiveCfg = Debug_SDL|Win32
		{FDAC4B9B-57A9-4FDF-B779-BE04A88BF0CB}.Steam_Debug_SDL|x86.Build.0 = Debug_SDL|Win32
		{FDAC4B9B-57A9-4FDF-B779-BE04A88BF0CB}.Steam_Release_DX|x64.ActiveCfg = Release_DX|x64
		{FDAC4B9B-57A9-4FDF-B779-BE04A88BF0CB}.Steam_Release_DX|x64.Build.0 = Release_DX|x64
		{FDAC4B9B-57A9-4FDF-B779-BE04A88BF0CB}.Steam_Release_DX|x86.ActiveCfg = Release_DX|Win32
		{FDAC4B9B-57A9-4FDF-B779-BE04A88BF0CB}.Steam_Release_DX|x86.Build.0 = Release_DX|Win32
		{FDAC4B9B-57A9-4FDF-B779-BE04A88BF0CB}.Steam_Release_SDL|x64.ActiveCfg = Release_SDL|x64
		{FDAC4B9B-57A9-4FDF-B779-BE04A88BF0CB}.Steam_Release_SDL|x64.Build.0 = Release_SDL|x64
		{FDAC4B9B-57A9-4FDF-B779-BE04A88BF0CB}.Steam_Release_SDL|x86.ActiveCfg = Release_SDL|Win32
		{FDAC4B9B-57A9-4FDF-B779-BE04A88BF0CB}.Steam_Release_SDL|x86.Build.0 = Release_SDL|Win32
		{23EA3FB3-DFE4-4D4B-BD66-6D06533D8719}.Debug_DX|x64.ActiveCfg = Debug_DX|x64
		{23EA3FB3-DFE4-4D4B-BD66-6D06533D8719}.Debug_DX|x64.Build.0 = Debug_DX|x64
		{23EA3FB3-DFE4-4D4B-BD66-6D06533D8719}.Debug_DX|x86.ActiveCfg = Debug_DX|Win32
		{23EA3FB3-DFE4-4D4B-BD66-6D06533D8719}.Debug_DX|x86.Build.0 = Debug_DX|Win32
		{23EA3FB3-DFE4-4D4B-BD66-6D06533D8719}.Debug_SDL|x64.ActiveCfg = Debug_SDL|x64
		{23EA3FB3-DFE4-4D4B-BD66-6D06533D8719}.Debug_SDL|x64.Build.0 = Debug_SDL|x64
		{23EA3FB3-DFE4-4D4B-BD66-6D06533D8719}.Debug_SDL|x86.ActiveCfg = Debug_SDL|Win32
		{23EA3FB3-DFE4-4D4B-BD66-6D06533D8719}.Debug_SDL|x86.Build.0 = Debug_SDL|Win32
		{23EA3FB3-DFE4-4D4B-BD66-6D06533D8719}.Debug|x64.ActiveCfg = Debug_SDL|x64
		{23EA3FB3-DFE4-4D4B-BD66-6D06533D8719}.Debug|x64.Build.0 = Debug_SDL|x64
		{23EA3FB3-DFE4-4D4B-BD66-6D06533D8719}.Debug|x86.ActiveCfg = Debug_SDL|Win32
		{23EA3FB3-DFE4-4D4B-BD66-6D06533D8719}.Debug|x86.Build.0 = Debug_SDL|Win32
		{23EA3FB3-DFE4-4D4B-BD66-6D06533D8719}.Release_DX|x64.ActiveCfg = Release_DX|x64
		{23EA3FB3-DFE4-4D4B-BD66-6D06533D8719}.Release_DX|x64.Build.0 = Release_DX|x64
		{23EA3FB3-DFE4-4D4B-BD66-6D06533D8719}.Release_DX|x86.ActiveCfg = Release_DX|Win32
		{23EA3FB3-DFE4-4D4B-BD66-6D06533D8719}.Release_DX|x86.Build.0 = Release_DX|Win32
		{23EA3FB3-DFE4-4D4B-BD66-6D06533D8719}.Release_SDL|x64.ActiveCfg = Release_SDL|x64
		{23EA3FB3-DFE4-4D4B-BD66-6D06533D8719}.Release_SDL|x64.Build.0 = Release_SDL|x64
		{23EA3FB3-DFE4-4D4B-BD66-6D06533D8719}.Release_SDL|x86.ActiveCfg = Release_SDL|Win32
		{23EA3FB3-DFE4-4D4B-BD66-6D06533D8719}.Release_SDL|x86.Build.0 = Release_SDL|Win32
		{23EA3FB3-DFE4-4D4B-BD66-6D06533D8719}.Release|x64.ActiveCfg = Release_SDL|x64
		{23EA3FB3-DFE4-4D4B-BD66-6D06533D8719}.Release|x64.Build.0 = Release_SDL|x64
		{23EA3FB3-DFE4-4D4B-BD66-6D06533D8719}.Release|x86.ActiveCfg = Release_SDL|Win32
		{23EA3FB3-DFE4-4D4B-BD66-6D06533D8719}.Release|x86.Build.0 = Release_SDL|Win32
		{23EA3FB3-DFE4-4D4B-BD66-6D06533D8719}.Steam_Debug_DX|x64.ActiveCfg = Debug_DX|x64
		{23EA3FB3-DFE4-4D4B-BD66-6D06533D8719}.Steam_Debug_DX|x64.Build.0 = Debug_DX|x64
		{23EA3FB3-DFE4-4D4B-BD66-6D06533D8719}.Steam_Debug_DX|x86.ActiveCfg = Debug_DX|Win32
		{23EA3FB3-DFE4-4D4B-BD66-6D06533D8719}.Steam_Debug_DX|x86.Build.0 = Debug_DX|Win32
		{23EA3FB3-DFE4-4D4B-BD66-6D06533D8719}.Steam_Debug_SDL|x64.ActiveCfg = Debug_SDL|x64
		{23EA3FB3-DFE4-4D4B-BD66-6D06533D8719}.Steam_Debug_SDL|x64.Build.0 = Debug_SDL|x64
		{23EA3FB3-DFE4-4D4B-BD66-6D06533D8719}.Steam_Debug_SDL|x86.ActiveCfg = Debug_SDL|Win32
		{23EA3FB3-DFE4-4D4B-BD66-6D06533D8719}.Steam_Debug_SDL|x86.Build.0 = Debug_SDL|Win32
		{23EA3FB3-DFE4-4D4B-BD66-6D06533D8719}.Steam_Release_DX|x64.ActiveCfg = Release_DX|x64
		{23EA3FB3-DFE4-4D4B-BD66-6D06533D8719}.Steam_Release_DX|x64.Build.0 = Release_DX|x64
		{23EA3FB3-DFE4-4D4B-BD66-6D06533D8719}.Steam_Release_DX|x86.ActiveCfg = Release_DX|Win32
		{23EA3FB3-DFE4-4D4B-BD66-6D06533D8719}.Steam_Release_DX|x86.Build.0 = Release_DX|Win32
		{23EA3FB3-DFE4-4D4B-BD66-6D06533D8719}.Steam_Release_SDL|x64.ActiveCfg = Release_SDL|x64
		{23EA3FB3-DFE4-4D4B-BD66-6D06533D8719}.Steam_Release_SDL|x64.Build.0 = Release_SDL|x64
		{23EA3FB3-DFE4-4D4B-BD66-6D06533D8719}.Steam_Release_SDL|x86.ActiveCfg = Release_SDL|Win32
		{23EA3FB3-DFE4-4D4B-BD66-6D06533D8719}.Steam_Release_SDL|x86.Build.0 = Release_SDL|Win32
		{A895A0FB-3F92-4C2A-9ED7-A2C27DB9028F}.Debug_DX|x64.ActiveCfg = Debug_DX|x64
		{A895A0FB-3F92-4C2A-9ED7-A2C27DB9028F}.Debug_DX|x64.Build.0 = Debug_DX|x64
		{A895A0FB-3F92-4C2A-9ED7-A2C27DB9028F}.Debug_DX|x86.ActiveCfg = Debug_DX|Win32
		{A895A0FB-3F92-4C2A-9ED7-A2C27DB9028F}.Debug_DX|x86.Build.0 = Debug_DX|Win32
		{A895A0FB-3F92-4C2A-9ED7-A2C27DB9028F}.Debug_SDL|x64.ActiveCfg = Debug_SDL|x64
		{A895A0FB-3F92-4C2A-9ED7-A2C27DB9028F}.Debug_SDL|x64.Build.0 = Debug_SDL|x64
		{A895A0FB-3F92-4C2A-9ED7-A2C27DB9028F}.Debug_SDL|x86.ActiveCfg = Debug_SDL|Win32
		{A895A0FB-3F92-4C2A-9ED7-A2C27DB9028F}.Debug_SDL|x86.Build.0 = Debug_SDL|Win32
		{A895A0FB-3F92-4C2A-9ED7-A2C27DB9028F}.Debug|x64.ActiveCfg = Debug_SDL|x64
		{A895A0FB-3F92-4C2A-9ED7-A2C27DB9028F}.Debug|x64.Build.0 = Debug_SDL|x64
		{A895A0FB-3F92-4C2A-9ED7-A2C27DB9028F}.Debug|x86.ActiveCfg = Debug_SDL|Win32
		{A895A0FB-3F92-4C2A-9ED7-A2C27DB9028F}.Debug|x86.Build.0 = Debug_SDL|Win32
		{A895A0FB-3F92-4C2A-9ED7-A2C27DB9028F}.Release_DX|x64.ActiveCfg = Release_DX|x64
		{A895A0FB-3F92-4C2A-9ED7-A2C27DB9028F}.Release_DX|x64.Build.0 = Release_DX|x64
		{A895A0FB-3F92-4C2A-9ED7-A2C27DB9028F}.Release_DX|x86.ActiveCfg = Release_DX|Win32
		{A895A0FB-3F92-4C2A-9ED7-A2C27DB9028F}.Release_DX|x86.Build.0 = Release_DX|Win32
		{A895A0FB-3F92-4C2A-9ED7-A2C27DB9028F}.Release_SDL|x64.ActiveCfg = Release_SDL|x64
		{A895A0FB-3F92-4C2A-9ED7-A2C27DB9028F}.Release_SDL|x64.Build.0 = Release_SDL|x64
		{A895A0FB-3F92-4C2A-9ED7-A2C27DB9028F}.Release_SDL|x86.ActiveCfg = Release_SDL|Win32
		{A895A0FB-3F92-4C2A-9ED7-A2C27DB9028F}.Release_SDL|x86.Build.0 = Release_SDL|Win32
		{A895A0FB-3F92-4C2A-9ED7-A2C27DB9028F}.Release|x64.ActiveCfg = Release_SDL|x64
		{A895A0FB-3F92-4C2A-9ED7-A2C27DB9028F}.Release|x64.Build.0 = Release_SDL|x64
		{A895A0FB-3F92-4C2A-9ED7-A2C27DB9028F}.Release|x86.ActiveCfg = Release_SDL|Win32
		{A895A0FB-3F92-4C2A-9ED7-A2C27DB9028F}.Release|x86.Build.0 = Release_SDL|Win32
		{A895A0FB-3F92-4C2A-9ED7-A2C27DB9028F}.Steam_Debug_DX|x64.ActiveCfg = Debug_DX|x64
		{A895A0FB-3F92-4C2A-9ED7-A2C27DB9028F}.Steam_Debug_DX|x64.Build.0 = Debug_DX|x64
		{A895A0FB-3F92-4C2A-9ED7-A2C27DB9028F}.Steam_Debug_DX|x86.ActiveCfg = Debug_DX|Win32
		{A895A0FB-3F92-4C2A-9ED7-A2C27DB9028F}.Steam_Debug_DX|x86.Build.0 = Debug_DX|Win32
		{A895A0FB-3F92-4C2A-9ED7-A2C27DB9028F}.Steam_Debug_SDL|x64.ActiveCfg = Debug_SDL|x64
		{A895A0FB-3F92-4C2A-9ED7-A2C27DB9028F}.Steam_Debug_SDL|x64.Build.0 = Debug_SDL|x64
		{A895A0FB-3F92-4C2A-9ED7-A2C27DB9028F}.Steam_Debug_SDL|x86.ActiveCfg = Debug_SDL|Win32
		{A895A0FB-3F92-4C2A-9ED7-A2C27DB9028F}.Steam_Debug_SDL|x86.Build.0 = Debug_SDL|Win32
		{A895A0FB-3F92-4C2A-9ED7-A2C27DB9028F}.Steam_Release_DX|x64.ActiveCfg = Release_DX|x64
		{A895A0FB-3F92-4C2A-9ED7-A2C27DB9028F}.Steam_Release_DX|x64.Build.0 = Release_DX|x64
		{A895A0FB-3F92-4C2A-9ED7-A2C27DB9028F}.Steam_Release_DX|x86.ActiveCfg = Release_DX|Win32
		{A895A0FB-3F92-4C2A-9ED7-A2C27DB9028F}.Steam_Release_DX|x86.Build.0 = Release_DX|Win32
		{A895A0FB-3F92-4C2A-9ED7-A2C27DB9028F}.Steam_Release_SDL|x64.ActiveCfg = Release_SDL|x64
		{A895A0FB-3F92-4C2A-9ED7-A2C27DB9028F}.Steam_Release_SDL|x64.Build.0 = Release_SDL|x64
		{A895A0FB-3F92-4C2A-9ED7-A2C27DB9028F}.Steam_Release_SDL|x86.ActiveCfg = Release_SDL|Win32
		{A895A0FB-3F92-4C2A-9ED7-A2C27DB9028F}.Steam_Release_SDL|x86.Build.0 = Release_SDL|Win32
		{62B2385D-FB11-4768-AC67-FEC93481FB03}.Debug_DX|x64.ActiveCfg = Debug_DX|x64
		{62B2385D-FB11-4768-AC67-FEC93481FB03}.Debug_DX|x64.Build.0 = Debug_DX|x64
		{62B2385D-FB11-4768-AC67-FEC93481FB03}.Debug_DX|x86.ActiveCfg = Debug_DX|Win32
		{62B2385D-FB11-4768-AC67-FEC93481FB03}.Debug_DX|x86.Build.0 = Debug_DX|Win32
		{62B2385D-FB11-4768-AC67-FEC93481FB03}.Debug_SDL|x64.ActiveCfg = Debug_SDL|x64
		{62B2385D-FB11-4768-AC67-FEC93481FB03}.Debug_SDL|x64.Build.0 = Debug_SDL|x64
		{62B2385D-FB11-4768-AC67-FEC93481FB03}.Debug_SDL|x86.ActiveCfg = Debug_SDL|Win32
		{62B2385D-FB11-4768-AC67-FEC93481FB03}.Debug_SDL|x86.Build.0 = Debug_SDL|Win32
		{62B2385D-FB11-4768-AC67-FEC93481FB03}.Debug|x64.ActiveCfg = Debug_SDL|x64
		{62B2385D-FB11-4768-AC67-FEC93481FB03}.Debug|x64.Build.0 = Debug_SDL|x64
		{62B2385D-FB11-4768-AC67-FEC93481FB03}.Debug|x86.ActiveCfg = Debug_SDL|Win32
		{62B2385D-FB11-4768-AC67-FEC93481FB03}.Debug|x86.Build.0 = Debug_SDL|Win32
		{62B2385D-FB11-4768-AC67-FEC93481FB03}.Release_DX|x64.ActiveCfg = Release_DX|x64
		{62B2385D-FB11-4768-AC67-FEC93481FB03}.Release_DX|x64.Build.0 = Release_DX|x64
		{62B2385D-FB11-4768-AC67-FEC93481FB03}.Release_DX|x86.ActiveCfg = Release_DX|Win32
		{62B2385D-FB11-4768-AC67-FEC93481FB03}.Release_DX|x86.Build.0 = Release_DX|Win32
		{62B2385D-FB11-4768-AC67-FEC93481FB03}.Release_SDL|x64.ActiveCfg = Release_SDL|x64
		{62B2385D-FB11-4768-AC67-FEC93481FB03}.Release_SDL|x64.Build.0 = Release_SDL|x64
		{62B2385D-FB11-4768-AC67-FEC93481FB03}.Release_SDL|x86.ActiveCfg = Release_SDL|Win32
		{62B2385D-FB11-4768-AC67-FEC93481FB03}.Release_SDL|x86.Build.0 = Release_SDL|Win32
		{62B2385D-FB11-4768-AC67-FEC93481FB03}.Release|x64.ActiveCfg = Release_SDL|x64
		{62B2385D-FB11-4768-AC67-FEC93481FB03}.Release|x64.Build.0 = Release_SDL|x64
		{62B2385D-FB11-4768-AC67-FEC93481FB03}.Release|x86.ActiveCfg = Release_SDL|Win32
		{62B2385D-FB11-4768-AC67-FEC93481FB03}.Release|x86.Build.0 = Release_SDL|Win32
		{62B2385D-FB11-4768-AC67-FEC93481FB03}.Steam_Debug_DX|x64.ActiveCfg = Debug_DX|x64
		{62B2385D-FB11-4768-AC67-FEC93481FB03}.Steam_Debug_DX|x64.Build.0 = Debug_DX|x64
		{62B2385D-FB11-4768-AC67-FEC93481FB03}.Steam_Debug_DX|x86.ActiveCfg = Debug_DX|Win32
		{62B2385D-FB11-4768-AC67-FEC93481FB03}.Steam_Debug_DX|x86.Build.0 = Debug_DX|Win32
		{62B2385D-FB11-4768-AC67-FEC93481FB03}.Steam_Debug_SDL|x64.ActiveCfg = Debug_SDL|x64
		{62B2385D-FB11-4768-AC67-FEC93481FB03}.Steam_Debug_SDL|x64.Build.0 = Debug_SDL|x64
		{62B2385D-FB11-4768-AC67-FEC93481FB03}.Steam_Debug_SDL|x86.ActiveCfg = Debug_SDL|Win32
		{62B2385D-FB11-4768-AC67-FEC93481FB03}.Steam_Debug_SDL|x86.Build.0 = Debug_SDL|Win32
		{62B2385D-FB11-4768-AC67-FEC93481FB03}.Steam_Release_DX|x64.ActiveCfg = Release_DX|x64
		{62B2385D-FB11-4768-AC67-FEC93481FB03}.Steam_Release_DX|x64.Build.0 = Release_DX|x64
		{62B2385D-FB11-4768-AC67-FEC93481FB03}.Steam_Release_DX|x86.ActiveCfg = Release_DX|Win32
		{62B2385D-FB11-4768-AC67-FEC93481FB03}.Steam_Release_DX|x86.Build.0 = Release_DX|Win32
		{62B2385D-FB11-4768-AC67-FEC93481FB03}.Steam_Release_SDL|x64.ActiveCfg = Release_SDL|x64
		{62B2385D-FB11-4768-AC67-FEC93481FB03}.Steam_Release_SDL|x64.Build.0 = Release_SDL|x64
		{62B2385D-FB11-4768-AC67-FEC93481FB03}.Steam_Release_SDL|x86.ActiveCfg = Release_SDL|Win32
		{62B2385D-FB11-4768-AC67-FEC93481FB03}.Steam_Release_SDL|x86.Build.0 = Release_SDL|Win32
		{9DE5622E-0212-43FF-BF9F-BF81CFD6D4D4}.Debug_DX|x64.ActiveCfg = Debug|x64
		{9DE5622E-0212-43FF-BF9F-BF81CFD6D4D4}.Debug_DX|x64.Build.0 = Debug|x64
		{9DE5622E-0212-43FF-BF9F-BF81CFD6D4D4}.Debug_DX|x86.ActiveCfg = Debug|Win32
		{9DE5622E-0212-43FF-BF9F-BF81CFD6D4D4}.Debug_DX|x86.Build.0 = Debug|Win32
		{9DE5622E-0212-43FF-BF9F-BF81CFD6D4D4}.Debug_SDL|x64.ActiveCfg = Debug|x64
		{9DE5622E-0212-43FF-BF9F-BF81CFD6D4D4}.Debug_SDL|x64.Build.0 = Debug|x64
		{9DE5622E-0212-43FF-BF9F-BF81CFD6D4D4}.Debug_SDL|x86.ActiveCfg = Debug|Win32
		{9DE5622E-0212-43FF-BF9F-BF81CFD6D4D4}.Debug_SDL|x86.Build.0 = Debug|Win32
		{9DE5622E-0212-43FF-BF9F-BF81CFD6D4D4}.Debug|x64.ActiveCfg = Debug|x64
		{9DE5622E-0212-43FF-BF9F-BF81CFD6D4D4}.Debug|x64.Build.0 = Debug|x64
		{9DE5622E-0212-43FF-BF9F-BF81CFD6D4D4}.Debug|x86.ActiveCfg = Debug|Win32
		{9DE5622E-0212-43FF-BF9F-BF81CFD6D4D4}.Debug|x86.Build.0 = Debug|Win32
		{9DE5622E-0212-43FF-BF9F-BF81CFD6D4D4}.Release_DX|x64.ActiveCfg = Release|x64
		{9DE5622E-0212-43FF-BF9F-BF81CFD6D4D4}.Release_DX|x64.Build.0 = Release|x64
		{9DE5622E-0212-43FF-BF9F-BF81CFD6D4D4}.Release_DX|x86.ActiveCfg = Release|Win32
		{9DE5622E-0212-43FF-BF9F-BF81CFD6D4D4}.Release_DX|x86.Build.0 = Release|Win32
		{9DE5622E-0212-43FF-BF9F-BF81CFD6D4D4}.Release_SDL|x64.ActiveCfg = Release|x64
		{9DE5622E-0212-43FF-BF9F-BF81CFD6D4D4}.Release_SDL|x64.Build.0 = Release|x64
		{9DE5622E-0212-43FF-BF9F-BF81CFD6D4D4}.Release_SDL|x86.ActiveCfg = Release|Win32
		{9DE5622E-0212-43FF-BF9F-BF81CFD6D4D4}.Release_SDL|x86.Build.0 = Release|Win32
		{9DE5622E-0212-43FF-BF9F-BF81CFD6D4D4}.Release|x64.ActiveCfg = Release|x64
		{9DE5622E-0212-43FF-BF9F-BF81CFD6D4D4}.Release|x64.Build.0 = Release|x64
		{9DE5622E-0212-43FF-BF9F-BF81CFD6D4D4}.Release|x86.ActiveCfg = Release|Win32
		{9DE5622E-0212-43FF-BF9F-BF81CFD6D4D4}.Release|x86.Build.0 = Release|Win32
		{9DE5622E-0212-43FF-BF9F-BF81CFD6D4D4}.Steam_Debug_DX|x64.ActiveCfg = Debug|x64
		{9DE5622E-0212-43FF-BF9F-BF81CFD6D4D4}.Steam_Debug_DX|x64.Build.0 = Debug|x64
		{9DE5622E-0212-43FF-BF9F-BF81CFD6D4D4}.Steam_Debug_DX|x86.ActiveCfg = Debug|Win32
		{9DE5622E-0212-43FF-BF9F-BF81CFD6D4D4}.Steam_Debug_DX|x86.Build.0 = Debug|Win32
		{9DE5622E-0212-43FF-BF9F-BF81CFD6D4D4}.Steam_Debug_SDL|x64.ActiveCfg = Debug|x64
		{9DE5622E-0212-43FF-BF9F-BF81CFD6D4D4}.Steam_Debug_SDL|x64.Build.0 = Debug|x64
		{9DE5622E-0212-43FF-BF9F-BF81CFD6D4D4}.Steam_Debug_SDL|x86.ActiveCfg = Debug|Win32
		{9DE5622E-0212-43FF-BF9F-BF81CFD6D4D4}.Steam_Debug_SDL|x86.Build.0 = Debug|Win32
		{9DE5622E-0212-43FF-BF9F-BF81CFD6D4D4}.Steam_Release_DX|x64.ActiveCfg = Release|x64
		{9DE5622E-0212-43FF-BF9F-BF81CFD6D4D4}.Steam_Release_DX|x64.Build.0 = Release|x64
		{9DE5622E-0212-43FF-BF9F-BF81CFD6D4D4}.Steam_Release_DX|x86.ActiveCfg = Release|Win32
		{9DE5622E-0212-43FF-BF9F-BF81CFD6D4D4}.Steam_Release_DX|x86.Build.0 = Release|Win32
		{9DE5622E-0212-43FF-BF9F-BF81CFD6D4D4}.Steam_Release_SDL|x64.ActiveCfg = Release|x64
		{9DE5622E-0212-43FF-BF9F-BF81CFD6D4D4}.Steam_Release_SDL|x64.Build.0 = Release|x64
		{9DE5622E-0212-43FF-BF9F-BF81CFD6D4D4}.Steam_Release_SDL|x86.ActiveCfg = Release|Win32
		{9DE5622E-0212-43FF-BF9F-BF81CFD6D4D4}.Steam_Release_SDL|x86.Build.0 = Release|Win32
		{60F44F5F-335C-4080-B282-0CB14249BD5B}.Debug_DX|x64.ActiveCfg = Debug_DX|x64
		{60F44F5F-335C-4080-B282-0CB14249BD5B}.Debug_DX|x64.Build.0 = Debug_DX|x64
		{60F44F5F-335C-4080-B282-0CB14249BD5B}.Debug_DX|x86.ActiveCfg = Debug_DX|Win32
		{60F44F5F-335C-4080-B282-0CB14249BD5B}.Debug_DX|x86.Build.0 = Debug_DX|Win32
		{60F44F5F-335C-4080-B282-0CB14249BD5B}.Debug_SDL|x64.ActiveCfg = Debug_SDL|x64
		{60F44F5F-335C-4080-B282-0CB14249BD5B}.Debug_SDL|x64.Build.0 = Debug_SDL|x64
		{60F44F5F-335C-4080-B282-0CB14249BD5B}.Debug_SDL|x86.ActiveCfg = Debug_SDL|Win32
		{60F44F5F-335C-4080-B282-0CB14249BD5B}.Debug_SDL|x86.Build.0 = Debug_SDL|Win32
		{60F44F5F-335C-4080-B282-0CB14249BD5B}.Debug|x64.ActiveCfg = Debug_SDL|x64
		{60F44F5F-335C-4080-B282-0CB14249BD5B}.Debug|x64.Build.0 = Debug_SDL|x64
		{60F44F5F-335C-4080-B282-0CB14249BD5B}.Debug|x86.ActiveCfg = Debug_SDL|Win32
		{60F44F5F-335C-4080-B282-0CB14249BD5B}.Debug|x86.Build.0 = Debug_SDL|Win32
		{60F44F5F-335C-4080-B282-0CB14249BD5B}.Release_DX|x64.ActiveCfg = Release_DX|x64
		{60F44F5F-335C-4080-B282-0CB14249BD5B}.Release_DX|x64.Build.0 = Release_DX|x64
		{60F44F5F-335C-4080-B282-0CB14249BD5B}.Release_DX|x86.ActiveCfg = Release_DX|Win32
		{60F44F5F-335C-4080-B282-0CB14249BD5B}.Release_DX|x86.Build.0 = Release_DX|Win32
		{60F44F5F-335C-4080-B282-0CB14249BD5B}.Release_SDL|x64.ActiveCfg = Release_SDL|x64
		{60F44F5F-335C-4080-B282-0CB14249BD5B}.Release_SDL|x64.Build.0 = Release_SDL|x64
		{60F44F5F-335C-4080-B282-0CB14249BD5B}.Release_SDL|x86.ActiveCfg = Release_SDL|Win32
		{60F44F5F-335C-4080-B282-0CB14249BD5B}.Release_SDL|x86.Build.0 = Release_SDL|Win32
		{60F44F5F-335C-4080-B282-0CB14249BD5B}.Release|x64.ActiveCfg = Release_SDL|x64
		{60F44F5F-335C-4080-B282-0CB14249BD5B}.Release|x64.Build.0 = Release_SDL|x64
		{60F44F5F-335C-4080-B282-0CB14249BD5B}.Release|x86.ActiveCfg = Release_SDL|Win32
		{60F44F5F-335C-4080-B282-0CB14249BD5B}.Release|x86.Build.0 = Release_SDL|Win32
		{60F44F5F-335C-4080-B282-0CB14249BD5B}.Steam_Debug_DX|x64.ActiveCfg = Debug_DX|x64
		{60F44F5F-335C-4080-B282-0CB14249BD5B}.Steam_Debug_DX|x64.Build.0 = Debug_DX|x64
		{60F44F5F-335C-4080-B282-0CB14249BD5B}.Steam_Debug_DX|x86.ActiveCfg = Debug_DX|Win32
		{60F44F5F-335C-4080-B282-0CB14249BD5B}.Steam_Debug_DX|x86.Build.0 = Debug_DX|Win32
		{60F44F5F-335C-4080-B282-0CB14249BD5B}.Steam_Debug_SDL|x64.ActiveCfg = Debug_SDL|x64
		{60F44F5F-335C-4080-B282-0CB14249BD5B}.Steam_Debug_SDL|x64.Build.0 = Debug_SDL|x64
		{60F44F5F-335C-4080-B282-0CB14249BD5B}.Steam_Debug_SDL|x86.ActiveCfg = Debug_SDL|Win32
		{60F44F5F-335C-4080-B282-0CB14249BD5B}.Steam_Debug_SDL|x86.Build.0 = Debug_SDL|Win32
		{60F44F5F-335C-4080-B282-0CB14249BD5B}.Steam_Release_DX|x64.ActiveCfg = Release_DX|x64
		{60F44F5F-335C-4080-B282-0CB14249BD5B}.Steam_Release_DX|x64.Build.0 = Release_DX|x64
		{60F44F5F-335C-4080-B282-0CB14249BD5B}.Steam_Release_DX|x86.ActiveCfg = Release_DX|Win32
		{60F44F5F-335C-4080-B282-0CB14249BD5B}.Steam_Release_DX|x86.Build.0 = Release_DX|Win32
		{60F44F5F-335C-4080-B282-0CB14249BD5B}.Steam_Release_SDL|x64.ActiveCfg = Release_SDL|x64
		{60F44F5F-335C-4080-B282-0CB14249BD5B}.Steam_Release_SDL|x64.Build.0 = Release_SDL|x64
		{60F44F5F-335C-4080-B282-0CB14249BD5B}.Steam_Release_SDL|x86.ActiveCfg = Release_SDL|Win32
		{60F44F5F-335C-4080-B282-0CB14249BD5B}.Steam_Release_SDL|x86.Build.0 = Release_SDL|Win32
		{66E419CA-A396-4A05-BE97-300BFAE97825}.Debug_DX|x64.ActiveCfg = Debug|x64
		{66E419CA-A396-4A05-BE97-300BFAE97825}.Debug_DX|x64.Build.0 = Debug|x64
		{66E419CA-A396-4A05-BE97-300BFAE97825}.Debug_DX|x86.ActiveCfg = Debug|Win32
		{66E419CA-A396-4A05-BE97-300BFAE97825}.Debug_DX|x86.Build.0 = Debug|Win32
		{66E419CA-A396-4A05-BE97-300BFAE97825}.Debug_SDL|x64.ActiveCfg = Debug|x64
		{66E419CA-A396-4A05-BE97-300BFAE97825}.Debug_SDL|x64.Build.0 = Debug|x64
		{66E419CA-A396-4A05-BE97-300BFAE97825}.Debug_SDL|x86.ActiveCfg = Debug|Win32
		{66E419CA-A396-4A05-BE97-300BFAE97825}.Debug_SDL|x86.Build.0 = Debug|Win32
		{66E419CA-A396-4A05-BE97-300BFAE97825}.Debug|x64.ActiveCfg = Debug|x64
		{66E419CA-A396-4A05-BE97-300BFAE97825}.Debug|x64.Build.0 = Debug|x64
		{66E419CA-A396-4A05-BE97-300BFAE97825}.Debug|x86.ActiveCfg = Debug|Win32
		{66E419CA-A396-4A05-BE97-300BFAE97825}.Debug|x86.Build.0 = Debug|Win32
		{66E419CA-A396-4A05-BE97-300BFAE97825}.Release_DX|x64.ActiveCfg = Release|x64
		{66E419CA-A396-4A05-BE97-300BFAE97825}.Release_DX|x64.Build.0 = Release|x64
		{66E419CA-A396-4A05-BE97-300BFAE97825}.Release_DX|x86.ActiveCfg = Release|Win32
		{66E419CA-A396-4A05-BE97-300BFAE97825}.Release_DX|x86.Build.0 = Release|Win32
		{66E419CA-A396-4A05-BE97-300BFAE97825}.Release_SDL|x64.ActiveCfg = Release|x64
		{66E419CA-A396-4A05-BE97-300BFAE97825}.Release_SDL|x64.Build.0 = Release|x64
		{66E419CA-A396-4A05-BE97-300BFAE97825}.Release_SDL|x86.ActiveCfg = Release|Win32
		{66E419CA-A396-4A05-BE97-300BFAE97825}.Release_SDL|x86.Build.0 = Release|Win32
		{66E419CA-A396-4A05-BE97-300BFAE97825}.Release|x64.ActiveCfg = Release|x64
		{66E419CA-A396-4A05-BE97-300BFAE97825}.Release|x64.Build.0 = Release|x64
		{66E419CA-A396-4A05-BE97-300BFAE97825}.Release|x86.ActiveCfg = Release|Win32
		{66E419CA-A396-4A05-BE97-300BFAE97825}.Release|x86.Build.0 = Release|Win32
		{66E419CA-A396-4A05-BE97-300BFAE97825}.Steam_Debug_DX|x64.ActiveCfg = Debug|x64
		{66E419CA-A396-4A05-BE97-300BFAE97825}.Steam_Debug_DX|x64.Build.0 = Debug|x64
		{66E419CA-A396-4A05-BE97-300BFAE97825}.Steam_Debug_DX|x86.ActiveCfg = Debug|Win32
		{66E419CA-A396-4A05-BE97-300BFAE97825}.Steam_Debug_DX|x86.Build.0 = Debug|Win32
		{66E419CA-A396-4A05-BE97-300BFAE97825}.Steam_Debug_SDL|x64.ActiveCfg = Debug|x64
		{66E419CA-A396-4A05-BE97-300BFAE97825}.Steam_Debug_SDL|x64.Build.0 = Debug|x64
		{66E419CA-A396-4A05-BE97-300BFAE97825}.Steam_Debug_SDL|x86.ActiveCfg = Debug|Win32
		{66E419CA-A396-4A05-BE97-300BFAE97825}.Steam_Debug_SDL|x86.Build.0 = Debug|Win32
		{66E419CA-A396-4A05-BE97-300BFAE97825}.Steam_Release_DX|x64.ActiveCfg = Release|x64
		{66E419CA-A396-4A05-BE97-300BFAE97825}.Steam_Release_DX|x64.Build.0 = Release|x64
		{66E419CA-A396-4A05-BE97-300BFAE97825}.Steam_Release_DX|x86.ActiveCfg = Release|Win32
		{66E419CA-A396-4A05-BE97-300BFAE97825}.Steam_Release_DX|x86.Build.0 = Release|Win32
		{66E419CA-A396-4A05-BE97-300BFAE97825}.Steam_Release_SDL|x64.ActiveCfg = Release|x64
		{66E419CA-A396-4A05-BE97-300BFAE97825}.Steam_Release_SDL|x64.Build.0 = Release|x64
		{66E419CA-A396-4A05-BE97-300BFAE97825}.Steam_Release_SDL|x86.ActiveCfg = Release|Win32
		{66E419CA-A396-4A05-BE97-300BFAE97825}.Steam_Release_SDL|x86.Build.0 = Release|Win32
	EndGlobalSection
	GlobalSection(SolutionProperties) = preSolution
		HideSolutionNode = FALSE
	EndGlobalSection
	GlobalSection(ExtensibilityGlobals) = postSolution
		SolutionGuid = {AA8E4FAE-1958-4358-A59F-68FC7A7C094F}
	EndGlobalSection
EndGlobal
